
Microsoft Visual Studio Solution File, Format Version 12.00
# Visual Studio Version 16
VisualStudioVersion = 16.0.29613.14
MinimumVisualStudioVersion = 10.0.40219.1
Project("{8BC9CEB8-8B4A-11D0-8D11-00A0C91BC942}") = "LearningDataStructure", "LearningDataStructure\LearningDataStructure.vcxproj", "{078F756F-0C16-4E55-AEA7-6007E30D0DB9}"
EndProject
Global
	GlobalSection(SolutionConfigurationPlatforms) = preSolution
		Debug|x64 = Debug|x64
		Debug|x86 = Debug|x86
		Release|x64 = Release|x64
		Release|x86 = Release|x86
	EndGlobalSection
	GlobalSection(ProjectConfigurationPlatforms) = postSolution
		{078F756F-0C16-4E55-AEA7-6007E30D0DB9}.Debug|x64.ActiveCfg = Debug|x64
		{078F756F-0C16-4E55-AEA7-6007E30D0DB9}.Debug|x64.Build.0 = Debug|x64
		{078F756F-0C16-4E55-AEA7-6007E30D0DB9}.Debug|x86.ActiveCfg = Debug|Win32
		{078F756F-0C16-4E55-AEA7-6007E30D0DB9}.Debug|x86.Build.0 = Debug|Win32
		{078F756F-0C16-4E55-AEA7-6007E30D0DB9}.Release|x64.ActiveCfg = Release|x64
		{078F756F-0C16-4E55-AEA7-6007E30D0DB9}.Release|x64.Build.0 = Release|x64
		{078F756F-0C16-4E55-AEA7-6007E30D0DB9}.Release|x86.ActiveCfg = Release|Win32
		{078F756F-0C16-4E55-AEA7-6007E30D0DB9}.Release|x86.Build.0 = Release|Win32
	EndGlobalSection
	GlobalSection(SolutionProperties) = preSolution
		HideSolutionNode = FALSE
	EndGlobalSection
	GlobalSection(ExtensibilityGlobals) = postSolution
		SolutionGuid = {DA16F17F-953A-4D10-BE64-46BDA00DC680}
	EndGlobalSection
EndGlobal
